Microsoft Visual Studio Solution File, Format Version 12.00
# Visual Studio Version 17
VisualStudioVersion = 17.5.2.0
MinimumVisualStudioVersion = 10.0.40219.1
Project("{FAE04EC0-301F-11D3-BF4B-00C04F79EFBC}") = "gytApi", "gytApi.csproj", "{F8F2815B-AE44-97E6-6647-D1FA703724F4}"
EndProject
Global
	GlobalSection(SolutionConfigurationPlatforms) = preSolution
		Debug|Any CPU = Debug|Any CPU
		Release|Any CPU = Release|Any CPU
	EndGlobalSection
	GlobalSection(ProjectConfigurationPlatforms) = postSolution
		{F8F2815B-AE44-97E6-6647-D1FA703724F4}.Debug|Any CPU.ActiveCfg = Debug|Any CPU
		{F8F2815B-AE44-97E6-6647-D1FA703724F4}.Debug|Any CPU.Build.0 = Debug|Any CPU
		{F8F2815B-AE44-97E6-6647-D1FA703724F4}.Release|Any CPU.ActiveCfg = Release|Any CPU
		{F8F2815B-AE44-97E6-6647-D1FA703724F4}.Release|Any CPU.Build.0 = Release|Any CPU
	EndGlobalSection
	GlobalSection(SolutionProperties) = preSolution
		HideSolutionNode = FALSE
	EndGlobalSection
	GlobalSection(ExtensibilityGlobals) = postSolution
		SolutionGuid = {07D72934-7CFF-4BAA-8551-892CD3F90CA3}
	EndGlobalSection
EndGlobal
